
Microsoft Visual Studio Solution File, Format Version 12.00
# Visual Studio Version 17
VisualStudioVersion = 17.8.34511.84
MinimumVisualStudioVersion = 10.0.40219.1
Project("{FAE04EC0-301F-11D3-BF4B-00C04F79EFBC}") = "Prog_224_W24_JSON_031124", "Prog_224_W24_JSON_031124.csproj", "{C5FDF62C-959A-4D33-9CCD-46CBCB145283}"
EndProject
Global
	GlobalSection(SolutionConfigurationPlatforms) = preSolution
		Debug|Any CPU = Debug|Any CPU
		Release|Any CPU = Release|Any CPU
	EndGlobalSection
	GlobalSection(ProjectConfigurationPlatforms) = postSolution
		{C5FDF62C-959A-4D33-9CCD-46CBCB145283}.Debug|Any CPU.ActiveCfg = Debug|Any CPU
		{C5FDF62C-959A-4D33-9CCD-46CBCB145283}.Debug|Any CPU.Build.0 = Debug|Any CPU
		{C5FDF62C-959A-4D33-9CCD-46CBCB145283}.Release|Any CPU.ActiveCfg = Release|Any CPU
		{C5FDF62C-959A-4D33-9CCD-46CBCB145283}.Release|Any CPU.Build.0 = Release|Any CPU
	EndGlobalSection
	GlobalSection(SolutionProperties) = preSolution
		HideSolutionNode = FALSE
	EndGlobalSection
	GlobalSection(ExtensibilityGlobals) = postSolution
		SolutionGuid = {E0B0CA00-57E7-4321-BA8F-88F49C3B62C1}
	EndGlobalSection
EndGlobal
